
Microsoft Visual Studio Solution File, Format Version 12.00
# Visual Studio 15
VisualStudioVersion = 15.0.27428.2027
MinimumVisualStudioVersion = 10.0.40219.1
Project("{FAE04EC0-301F-11D3-BF4B-00C04F79EFBC}") = "server", "server\server.csproj", "{BE633618-49DE-4982-8B6C-2CD97421D96A}"
EndProject
Global
	GlobalSection(SolutionConfigurationPlatforms) = preSolution
		Debug|Any CPU = Debug|Any CPU
		Release|Any CPU = Release|Any CPU
	EndGlobalSection
	GlobalSection(ProjectConfigurationPlatforms) = postSolution
		{BE633618-49DE-4982-8B6C-2CD97421D96A}.Debug|Any CPU.ActiveCfg = Debug|Any CPU
		{BE633618-49DE-4982-8B6C-2CD97421D96A}.Debug|Any CPU.Build.0 = Debug|Any CPU
		{BE633618-49DE-4982-8B6C-2CD97421D96A}.Release|Any CPU.ActiveCfg = Release|Any CPU
		{BE633618-49DE-4982-8B6C-2CD97421D96A}.Release|Any CPU.Build.0 = Release|Any CPU
	EndGlobalSection
	GlobalSection(SolutionProperties) = preSolution
		HideSolutionNode = FALSE
	EndGlobalSection
	GlobalSection(ExtensibilityGlobals) = postSolution
		SolutionGuid = {FBD3C421-8E48-4C40-A1CA-0E140A6A9183}
	EndGlobalSection
EndGlobal
